{
    "_meta": {
        "hash": {
            "sha256": "3eaeb52fcf3b1cb96d7e50e392d00075c02ced7783f98e029d2284b484044ba9"
        },
        "pipfile-spec": 6,
        "requires": {
            "python_version": "3.10"
        },
        "sources": [
            {
                "name": "pypi",
                "url": "https://pypi.org/simple",
                "verify_ssl": true
            }
        ]
    },
    "default": {
        "pysqlite3-binary": {
            "hashes": [
                "sha256:1a7e41f169994c140064e3757f9785f5f460e72607f1d9a5244853d4de3cc4f2",
                "sha256:a4be1927a02d8079f1bf8e46af641798341e9bd1a3c5e57fa6f83207a0a8fa66",
                "sha256:bb3653a0eb0ef5db2d0ed49d43b11ab4be24fdf5b2e65a39650fc59348e30dc6",
                "sha256:bf257ca54a0b94dce14324b29960fae5b1d57a669ce327b92fe245049abf2854",
                "sha256:c7146a400deb786b064fd299aa79589a81e532f6dccc38b7986744ace484afdc",
                "sha256:c8d25d8568978669c8ba53f32d10fb779176f25d720cda148b28baaf6ef0a20c",
                "sha256:cb551d736ac3a049b3a91332dbcb0df506eaed58add8a95acfd264dc45ce3fa8",
                "sha256:df084f3da52bc92204357cd6ba68f98a8ef8e55a9e8dac3c4d96029ee56fb57b"
            ],
            "index": "pypi",
            "version": "==0.5.4"
        }
    },
    "develop": {}
}
